[{<<"action_msgs">>,{ros2,<<"action_msgs">>,<<"2.2.0">>,galactic},1},
 {<<"builtin_interfaces">>,
  {ros2,<<"builtin_interfaces">>,<<"2.2.0">>,galactic},
  1},
 {<<"example_interfaces">>,
  {ros2,<<"example_interfaces">>,<<"0.13.0">>,galactic},
  0},
 {<<"geometry_msgs">>,{ros2,<<"geometry_msgs">>,<<"5.5.0">>,galactic},0},
 {<<"rcl_interfaces">>,{ros2,<<"rcl_interfaces">>,<<"2.2.0">>,galactic},1},
 {<<"rcpputils">>,{ros2,<<"rcpputils">>,<<"2.13.3">>,galactic},2},
 {<<"rcutils">>,{ros2,<<"rcutils">>,<<"6.9.4">>,galactic},2},
 {<<"rmw">>,{ros2,<<"rmw">>,<<"7.8.1">>,galactic},2},
 {<<"rmw_dds_common">>,{ros2,<<"rmw_dds_common">>,<<"3.2.1">>,galactic},1},
 {<<"rosidl_runtime_c">>,{ros2,<<"rosidl_runtime_c">>,<<"4.9.3">>,galactic},2},
 {<<"rosidl_runtime_cpp">>,
  {ros2,<<"rosidl_runtime_cpp">>,<<"4.9.3">>,galactic},
  2},
 {<<"rosie_dds">>,
  {git,"https://github.com/stritzinger/rosie_dds.git",
       {ref,"b505a542a7cb146e426a28a23d1923d8cf466547"}},
  0},
 {<<"rosie_rclerl">>,
  {git,"https://github.com/stritzinger/rosie_rclerl.git",
       {ref,"75c42fbaa436e64311bc16b8b7faf09de4dcaeae"}},
  0},
 {<<"std_msgs">>,{ros2,<<"std_msgs">>,<<"5.5.0">>,galactic},0},
 {<<"unique_identifier_msgs">>,
  {ros2,<<"unique_identifier_msgs">>,<<"2.7.0">>,galactic},
  2}].
